
Microsoft Visual Studio Solution File, Format Version 12.00
# Visual Studio Version 16
VisualStudioVersion = 16.0.29306.81
MinimumVisualStudioVersion = 10.0.40219.1
Project("{FAE04EC0-301F-11D3-BF4B-00C04F79EFBC}") = "Program to Add Two Dates", "Program to Add Two Dates\Program to Add Two Dates.csproj", "{4C6E7DED-E8DA-4D46-8430-79DFB0F6D57B}"
EndProject
Global
	GlobalSection(SolutionConfigurationPlatforms) = preSolution
		Debug|Any CPU = Debug|Any CPU
		Release|Any CPU = Release|Any CPU
	EndGlobalSection
	GlobalSection(ProjectConfigurationPlatforms) = postSolution
		{4C6E7DED-E8DA-4D46-8430-79DFB0F6D57B}.Debug|Any CPU.ActiveCfg = Debug|Any CPU
		{4C6E7DED-E8DA-4D46-8430-79DFB0F6D57B}.Debug|Any CPU.Build.0 = Debug|Any CPU
		{4C6E7DED-E8DA-4D46-8430-79DFB0F6D57B}.Release|Any CPU.ActiveCfg = Release|Any CPU
		{4C6E7DED-E8DA-4D46-8430-79DFB0F6D57B}.Release|Any CPU.Build.0 = Release|Any CPU
	EndGlobalSection
	GlobalSection(SolutionProperties) = preSolution
		HideSolutionNode = FALSE
	EndGlobalSection
	GlobalSection(ExtensibilityGlobals) = postSolution
		SolutionGuid = {BFFC0603-5CBE-4507-BF9C-52192FA43D88}
	EndGlobalSection
EndGlobal
